<?xml version="1.0" encoding="utf-8"?>
<Project ToolsVersion="4.0" xmlns="http://schemas.microsoft.com/developer/msbuild/2003">
  <ItemGroup>
    <Filter Include="리소스 파일">
      <UniqueIdentifier>{67DA6AB6-F800-4c08-8B7A-83BB121AAD01}</UniqueIdentifier>
      <Extensions>rc;ico;cur;bmp;dlg;rc2;rct;bin;rgs;gif;jpg;jpeg;jpe;resx;tiff;tif;png;wav;mfcribbon-ms</Extensions>
    </Filter>
    <Filter Include="Default">
      <UniqueIdentifier>{1c5fbcdb-ed78-486f-8423-6b38fbe4b659}</UniqueIdentifier>
    </Filter>
    <Filter Include="01. Manager">
      <UniqueIdentifier>{acec75c0-42d3-4150-ac3a-4b1d24f1becd}</UniqueIdentifier>
    </Filter>
    <Filter Include="01. Manager\01. TestLevel">
      <UniqueIdentifier>{ad289991-c4f3-4697-81e8-a1cd19174af0}</UniqueIdentifier>
    </Filter>
    <Filter Include="01. Manager\02. EditorMgr">
      <UniqueIdentifier>{a7c86345-232a-483e-99cd-73fd699e6b55}</UniqueIdentifier>
    </Filter>
    <Filter Include="01. Manager\02. EditorMgr\GameObjectEx">
      <UniqueIdentifier>{a70873ab-24ae-4cde-ad5f-1b71dff7ca64}</UniqueIdentifier>
    </Filter>
    <Filter Include="01. Manager\02. EditorMgr\Scripts">
      <UniqueIdentifier>{458e2bbc-6874-42dd-86d2-edc083a3781a}</UniqueIdentifier>
    </Filter>
    <Filter Include="01. Manager\03. ImGuiMgr">
      <UniqueIdentifier>{504d55d6-5fb9-4577-804d-02d1d9a5f95a}</UniqueIdentifier>
    </Filter>
    <Filter Include="01. Manager\03. ImGuiMgr\ImGui">
      <UniqueIdentifier>{2dc78f9b-7158-49e5-8576-438105bf85dd}</UniqueIdentifier>
    </Filter>
    <Filter Include="02. EditorUI">
      <UniqueIdentifier>{7e2a9f8e-504e-419d-bcea-bb6cc23cc453}</UniqueIdentifier>
    </Filter>
    <Filter Include="02. EditorUI\01. Inspector">
      <UniqueIdentifier>{52c97657-2e0c-4839-b4f3-91e554b3e711}</UniqueIdentifier>
    </Filter>
    <Filter Include="02. EditorUI\02. Content">
      <UniqueIdentifier>{49ceff65-3f9f-44ec-9701-5bf35384c52e}</UniqueIdentifier>
    </Filter>
    <Filter Include="02. EditorUI\03. Outliner">
      <UniqueIdentifier>{d7ffc6bf-44f9-424e-bf68-d076f22b0b1a}</UniqueIdentifier>
    </Filter>
    <Filter Include="02. EditorUI\01. Inspector\ComponentUI">
      <UniqueIdentifier>{e07edeeb-e531-4f18-bb08-2f74501146a3}</UniqueIdentifier>
    </Filter>
    <Filter Include="02. EditorUI\04. List">
      <UniqueIdentifier>{38e960df-11d7-4ab4-9d21-ef013278b843}</UniqueIdentifier>
    </Filter>
    <Filter Include="02. EditorUI\01. Inspector\ComponentUI\01. TransformUI">
      <UniqueIdentifier>{0e39a98c-8559-49e5-91fd-e5be2aa3f8ec}</UniqueIdentifier>
    </Filter>
    <Filter Include="02. EditorUI\01. Inspector\ComponentUI\02. Collider2DUI">
      <UniqueIdentifier>{8e57af41-b510-40eb-b31a-fbd83d0ef21c}</UniqueIdentifier>
    </Filter>
    <Filter Include="02. EditorUI\01. Inspector\ComponentUI\03. CameraUI">
      <UniqueIdentifier>{5f086f35-04a4-4595-b07c-20959c0064ee}</UniqueIdentifier>
    </Filter>
    <Filter Include="02. EditorUI\05. Tree">
      <UniqueIdentifier>{7837a3e2-fec2-423a-8abd-dcb31983b793}</UniqueIdentifier>
    </Filter>
    <Filter Include="02. EditorUI\01. Inspector\AssetUI">
      <UniqueIdentifier>{7dcfc85c-3f5a-4842-9ab0-b54f6ff5f9a6}</UniqueIdentifier>
    </Filter>
    <Filter Include="02. EditorUI\01. Inspector\AssetUI\01. MeshUI">
      <UniqueIdentifier>{0268b5eb-a418-4624-96e3-8caf3f04d53e}</UniqueIdentifier>
    </Filter>
    <Filter Include="02. EditorUI\01. Inspector\AssetUI\02. MeshDataUI">
      <UniqueIdentifier>{e67ef7ac-498a-48c6-aadc-e712f931b48b}</UniqueIdentifier>
    </Filter>
    <Filter Include="02. EditorUI\01. Inspector\AssetUI\03. MaterialUI">
      <UniqueIdentifier>{b0c02c12-e47a-4b7f-b05b-3bd1419977ad}</UniqueIdentifier>
    </Filter>
    <Filter Include="02. EditorUI\01. Inspector\AssetUI\04. TextureUI">
      <UniqueIdentifier>{75d0fa74-7f68-4fa5-a6ac-543d0bea2598}</UniqueIdentifier>
    </Filter>
    <Filter Include="02. EditorUI\01. Inspector\AssetUI\05. PrefabUI">
      <UniqueIdentifier>{78834fdb-c9e3-42cd-a103-1823f6722ec3}</UniqueIdentifier>
    </Filter>
    <Filter Include="02. EditorUI\01. Inspector\AssetUI\06. SoundUI">
      <UniqueIdentifier>{8c5b62ee-a5cd-4eae-bade-e40ba3706526}</UniqueIdentifier>
    </Filter>
    <Filter Include="02. EditorUI\01. Inspector\AssetUI\07. GraphiShaderUI">
      <UniqueIdentifier>{1bad1cb6-c7e1-4103-8856-49fc694b72e4}</UniqueIdentifier>
    </Filter>
    <Filter Include="02. EditorUI\01. Inspector\AssetUI\08. ComputeShaderUI">
      <UniqueIdentifier>{0a475f2d-f307-4c7b-9d76-5aa1d83d470e}</UniqueIdentifier>
    </Filter>
    <Filter Include="02. EditorUI\07. ParamUI">
      <UniqueIdentifier>{a3ee0ae5-22dd-4d4d-9706-c4a3ba8e8913}</UniqueIdentifier>
    </Filter>
    <Filter Include="02. EditorUI\06. MenuUI">
      <UniqueIdentifier>{8313f35e-c7e7-4201-893f-b54a1a8da9f1}</UniqueIdentifier>
    </Filter>
    <Filter Include="02. EditorUI\01. Inspector\ComponentUI\04. Light2DUI">
      <UniqueIdentifier>{3d25a218-30e3-4eba-8b6f-f8f5cac8df56}</UniqueIdentifier>
    </Filter>
    <Filter Include="01. Manager\04. LevelSaveLoad">
      <UniqueIdentifier>{238b001a-17d4-424b-9228-74f015b1b181}</UniqueIdentifier>
    </Filter>
    <Filter Include="02. EditorUI\08. TileMapEditor">
      <UniqueIdentifier>{80de3b0a-8913-41f2-b5a2-e7443ee5dc7c}</UniqueIdentifier>
    </Filter>
    <Filter Include="02. EditorUI\08. TileMapEditor\TMESub">
      <UniqueIdentifier>{62d70ba7-9045-4e04-b607-9e0b2083c03c}</UniqueIdentifier>
    </Filter>
    <Filter Include="02. EditorUI\08. TileMapEditor\TMESub\01. TileView">
      <UniqueIdentifier>{63ab88f8-0dec-446c-b3a9-7feab9af5d18}</UniqueIdentifier>
    </Filter>
    <Filter Include="02. EditorUI\08. TileMapEditor\TMESub\02. AtlasView">
      <UniqueIdentifier>{3f02bf56-647b-46e3-afba-bbfc5b4f7384}</UniqueIdentifier>
    </Filter>
    <Filter Include="02. EditorUI\08. TileMapEditor\TMESub\03. Detail">
      <UniqueIdentifier>{a3e8639e-d070-4842-be21-64323dd3fc24}</UniqueIdentifier>
    </Filter>
    <Filter Include="02. EditorUI\01. Inspector\ComponentUI\06. Animator2DUI">
      <UniqueIdentifier>{c10372f2-9963-4294-bb93-8a2676b62e8b}</UniqueIdentifier>
    </Filter>
    <Filter Include="02. EditorUI\01. Inspector\ComponentUI\07. MeshRenderUI">
      <UniqueIdentifier>{59e94ed8-8114-41c6-9510-9b99da8195f6}</UniqueIdentifier>
    </Filter>
    <Filter Include="02. EditorUI\01. Inspector\ComponentUI\08. ParticleSystemUI">
      <UniqueIdentifier>{3f95d364-cac7-402b-863d-1626a9e6d04f}</UniqueIdentifier>
    </Filter>
    <Filter Include="02. EditorUI\01. Inspector\ComponentUI\09. TileMapUI">
      <UniqueIdentifier>{364d77da-11b3-4cbd-ab8f-dea414be6724}</UniqueIdentifier>
    </Filter>
    <Filter Include="02. EditorUI\01. Inspector\ComponentUI\05. Light3DUI">
      <UniqueIdentifier>{87e9e144-4300-4704-a509-e96dfb66bd8e}</UniqueIdentifier>
    </Filter>
    <Filter Include="02. EditorUI\01. Inspector\ComponentUI\10. SkyBoxUI">
      <UniqueIdentifier>{c18d8336-f8b6-479e-a86c-a86be3d2945c}</UniqueIdentifier>
    </Filter>
    <Filter Include="02. EditorUI\01. Inspector\ComponentUI\11. ScripUI">
      <UniqueIdentifier>{90f1ff92-1769-43a6-9213-9cfdcf3b21b1}</UniqueIdentifier>
    </Filter>
  </ItemGroup>
  <ItemGroup>
    <ClInclude Include="Client.h">
      <Filter>Default</Filter>
    </ClInclude>
    <ClInclude Include="framework.h">
      <Filter>Default</Filter>
    </ClInclude>
    <ClInclude Include="Resource.h">
      <Filter>Default</Filter>
    </ClInclude>
    <ClInclude Include="targetver.h">
      <Filter>Default</Filter>
    </ClInclude>
    <ClInclude Include="CTestLevel.h">
      <Filter>01. Manager\01. TestLevel</Filter>
    </ClInclude>
    <ClInclude Include="pch.h">
      <Filter>Default</Filter>
    </ClInclude>
    <ClInclude Include="CEditorMgr.h">
      <Filter>01. Manager\02. EditorMgr</Filter>
    </ClInclude>
    <ClInclude Include="CGameObjectEx.h">
      <Filter>01. Manager\02. EditorMgr\GameObjectEx</Filter>
    </ClInclude>
    <ClInclude Include="CEditorCameraScript.h">
      <Filter>01. Manager\02. EditorMgr\Scripts</Filter>
    </ClInclude>
    <ClInclude Include="ImGui\imconfig.h">
      <Filter>01. Manager\03. ImGuiMgr\ImGui</Filter>
    </ClInclude>
    <ClInclude Include="ImGui\imgui.h">
      <Filter>01. Manager\03. ImGuiMgr\ImGui</Filter>
    </ClInclude>
    <ClInclude Include="ImGui\imgui_impl_dx11.h">
      <Filter>01. Manager\03. ImGuiMgr\ImGui</Filter>
    </ClInclude>
    <ClInclude Include="ImGui\imgui_impl_win32.h">
      <Filter>01. Manager\03. ImGuiMgr\ImGui</Filter>
    </ClInclude>
    <ClInclude Include="ImGui\imgui_internal.h">
      <Filter>01. Manager\03. ImGuiMgr\ImGui</Filter>
    </ClInclude>
    <ClInclude Include="ImGui\imstb_rectpack.h">
      <Filter>01. Manager\03. ImGuiMgr\ImGui</Filter>
    </ClInclude>
    <ClInclude Include="ImGui\imstb_textedit.h">
      <Filter>01. Manager\03. ImGuiMgr\ImGui</Filter>
    </ClInclude>
    <ClInclude Include="ImGui\imstb_truetype.h">
      <Filter>01. Manager\03. ImGuiMgr\ImGui</Filter>
    </ClInclude>
    <ClInclude Include="CImGuiMgr.h">
      <Filter>01. Manager\03. ImGuiMgr</Filter>
    </ClInclude>
    <ClInclude Include="EditorUI.h">
      <Filter>02. EditorUI</Filter>
    </ClInclude>
    <ClInclude Include="Inspector.h">
      <Filter>02. EditorUI\01. Inspector</Filter>
    </ClInclude>
    <ClInclude Include="TransformUI.h">
      <Filter>02. EditorUI\01. Inspector\ComponentUI\01. TransformUI</Filter>
    </ClInclude>
    <ClInclude Include="MeshRenderUI.h">
      <Filter>02. EditorUI\01. Inspector\ComponentUI\07. MeshRenderUI</Filter>
    </ClInclude>
    <ClInclude Include="ComponentUI.h">
      <Filter>02. EditorUI\01. Inspector\ComponentUI</Filter>
    </ClInclude>
    <ClInclude Include="Collider2DUI.h">
      <Filter>02. EditorUI\01. Inspector\ComponentUI\02. Collider2DUI</Filter>
    </ClInclude>
    <ClInclude Include="Animator2DUI.h">
      <Filter>02. EditorUI\01. Inspector\ComponentUI\06. Animator2DUI</Filter>
    </ClInclude>
    <ClInclude Include="CameraUI.h">
      <Filter>02. EditorUI\01. Inspector\ComponentUI\03. CameraUI</Filter>
    </ClInclude>
    <ClInclude Include="Light2DUI.h">
      <Filter>02. EditorUI\01. Inspector\ComponentUI\04. Light2DUI</Filter>
    </ClInclude>
    <ClInclude Include="ParticleSystemUI.h">
      <Filter>02. EditorUI\01. Inspector\ComponentUI\08. ParticleSystemUI</Filter>
    </ClInclude>
    <ClInclude Include="TileMapUI.h">
      <Filter>02. EditorUI\01. Inspector\ComponentUI\09. TileMapUI</Filter>
    </ClInclude>
    <ClInclude Include="ListUI.h">
      <Filter>02. EditorUI\04. List</Filter>
    </ClInclude>
    <ClInclude Include="TreeUI.h">
      <Filter>02. EditorUI\05. Tree</Filter>
    </ClInclude>
    <ClInclude Include="ContentUI.h">
      <Filter>02. EditorUI\02. Content</Filter>
    </ClInclude>
    <ClInclude Include="OutlinerUI.h">
      <Filter>02. EditorUI\03. Outliner</Filter>
    </ClInclude>
    <ClInclude Include="AssetUI.h">
      <Filter>02. EditorUI\01. Inspector\AssetUI</Filter>
    </ClInclude>
    <ClInclude Include="ComputeShaderUI.h">
      <Filter>02. EditorUI\01. Inspector\AssetUI\08. ComputeShaderUI</Filter>
    </ClInclude>
    <ClInclude Include="GraphicShaderUI.h">
      <Filter>02. EditorUI\01. Inspector\AssetUI\07. GraphiShaderUI</Filter>
    </ClInclude>
    <ClInclude Include="MaterialUI.h">
      <Filter>02. EditorUI\01. Inspector\AssetUI\03. MaterialUI</Filter>
    </ClInclude>
    <ClInclude Include="MeshUI.h">
      <Filter>02. EditorUI\01. Inspector\AssetUI\01. MeshUI</Filter>
    </ClInclude>
    <ClInclude Include="MeshDataUI.h">
      <Filter>02. EditorUI\01. Inspector\AssetUI\02. MeshDataUI</Filter>
    </ClInclude>
    <ClInclude Include="SoundUI.h">
      <Filter>02. EditorUI\01. Inspector\AssetUI\06. SoundUI</Filter>
    </ClInclude>
    <ClInclude Include="PrefabUI.h">
      <Filter>02. EditorUI\01. Inspector\AssetUI\05. PrefabUI</Filter>
    </ClInclude>
    <ClInclude Include="TextureUI.h">
      <Filter>02. EditorUI\01. Inspector\AssetUI\04. TextureUI</Filter>
    </ClInclude>
    <ClInclude Include="ParamUI.h">
      <Filter>02. EditorUI\07. ParamUI</Filter>
    </ClInclude>
    <ClInclude Include="MenuUI.h">
      <Filter>02. EditorUI\06. MenuUI</Filter>
    </ClInclude>
    <ClInclude Include="ScriptUI.h">
      <Filter>02. EditorUI\01. Inspector\ComponentUI\11. ScripUI</Filter>
    </ClInclude>
    <ClInclude Include="CLevelSaveLoad.h">
      <Filter>01. Manager\04. LevelSaveLoad</Filter>
    </ClInclude>
    <ClInclude Include="TileMapEditor.h">
      <Filter>02. EditorUI\08. TileMapEditor</Filter>
    </ClInclude>
    <ClInclude Include="AtlasView.h">
      <Filter>02. EditorUI\08. TileMapEditor\TMESub\02. AtlasView</Filter>
    </ClInclude>
    <ClInclude Include="TileMapDetail.h">
      <Filter>02. EditorUI\08. TileMapEditor\TMESub\03. Detail</Filter>
    </ClInclude>
    <ClInclude Include="TMESub.h">
      <Filter>02. EditorUI\08. TileMapEditor\TMESub</Filter>
    </ClInclude>
    <ClInclude Include="TileView.h">
      <Filter>02. EditorUI\08. TileMapEditor\TMESub\01. TileView</Filter>
    </ClInclude>
    <ClInclude Include="Light3DUI.h">
      <Filter>02. EditorUI\01. Inspector\ComponentUI\05. Light3DUI</Filter>
    </ClInclude>
    <ClInclude Include="SkyBoxUI.h">
      <Filter>02. EditorUI\01. Inspector\ComponentUI\10. SkyBoxUI</Filter>
    </ClInclude>
  </ItemGroup>
  <ItemGroup>
    <ResourceCompile Include="Client.rc">
      <Filter>리소스 파일</Filter>
    </ResourceCompile>
  </ItemGroup>
  <ItemGroup>
    <Image Include="small.ico">
      <Filter>리소스 파일</Filter>
    </Image>
    <Image Include="Client.ico">
      <Filter>리소스 파일</Filter>
    </Image>
  </ItemGroup>
  <ItemGroup>
    <ClCompile Include="main.cpp" />
    <ClCompile Include="CTestLevel.cpp">
      <Filter>01. Manager\01. TestLevel</Filter>
    </ClCompile>
    <ClCompile Include="pch.cpp">
      <Filter>Default</Filter>
    </ClCompile>
    <ClCompile Include="CEditorMgr.cpp">
      <Filter>01. Manager\02. EditorMgr</Filter>
    </ClCompile>
    <ClCompile Include="CGameObjectEx.cpp">
      <Filter>01. Manager\02. EditorMgr\GameObjectEx</Filter>
    </ClCompile>
    <ClCompile Include="CEditorCameraScript.cpp">
      <Filter>01. Manager\02. EditorMgr\Scripts</Filter>
    </ClCompile>
    <ClCompile Include="ImGui\imgui.cpp">
      <Filter>01. Manager\03. ImGuiMgr\ImGui</Filter>
    </ClCompile>
    <ClCompile Include="ImGui\imgui_draw.cpp">
      <Filter>01. Manager\03. ImGuiMgr\ImGui</Filter>
    </ClCompile>
    <ClCompile Include="ImGui\imgui_impl_dx11.cpp">
      <Filter>01. Manager\03. ImGuiMgr\ImGui</Filter>
    </ClCompile>
    <ClCompile Include="ImGui\imgui_impl_win32.cpp">
      <Filter>01. Manager\03. ImGuiMgr\ImGui</Filter>
    </ClCompile>
    <ClCompile Include="ImGui\imgui_tables.cpp">
      <Filter>01. Manager\03. ImGuiMgr\ImGui</Filter>
    </ClCompile>
    <ClCompile Include="ImGui\imgui_widgets.cpp">
      <Filter>01. Manager\03. ImGuiMgr\ImGui</Filter>
    </ClCompile>
    <ClCompile Include="CImGuiMgr.cpp">
      <Filter>01. Manager\03. ImGuiMgr</Filter>
    </ClCompile>
    <ClCompile Include="EditorUI.cpp">
      <Filter>02. EditorUI</Filter>
    </ClCompile>
    <ClCompile Include="Inspector.cpp">
      <Filter>02. EditorUI\01. Inspector</Filter>
    </ClCompile>
    <ClCompile Include="TransformUI.cpp">
      <Filter>02. EditorUI\01. Inspector\ComponentUI\01. TransformUI</Filter>
    </ClCompile>
    <ClCompile Include="MeshRenderUI.cpp">
      <Filter>02. EditorUI\01. Inspector\ComponentUI\07. MeshRenderUI</Filter>
    </ClCompile>
    <ClCompile Include="ComponentUI.cpp">
      <Filter>02. EditorUI\01. Inspector\ComponentUI</Filter>
    </ClCompile>
    <ClCompile Include="Collider2DUI.cpp">
      <Filter>02. EditorUI\01. Inspector\ComponentUI\02. Collider2DUI</Filter>
    </ClCompile>
    <ClCompile Include="Animator2DUI.cpp">
      <Filter>02. EditorUI\01. Inspector\ComponentUI\06. Animator2DUI</Filter>
    </ClCompile>
    <ClCompile Include="CameraUI.cpp">
      <Filter>02. EditorUI\01. Inspector\ComponentUI\03. CameraUI</Filter>
    </ClCompile>
    <ClCompile Include="Light2DUI.cpp">
      <Filter>02. EditorUI\01. Inspector\ComponentUI\04. Light2DUI</Filter>
    </ClCompile>
    <ClCompile Include="ParticleSystemUI.cpp">
      <Filter>02. EditorUI\01. Inspector\ComponentUI\08. ParticleSystemUI</Filter>
    </ClCompile>
    <ClCompile Include="TileMapUI.cpp">
      <Filter>02. EditorUI\01. Inspector\ComponentUI\09. TileMapUI</Filter>
    </ClCompile>
    <ClCompile Include="ListUI.cpp">
      <Filter>02. EditorUI\04. List</Filter>
    </ClCompile>
    <ClCompile Include="TreeUI.cpp">
      <Filter>02. EditorUI\05. Tree</Filter>
    </ClCompile>
    <ClCompile Include="ContentUI.cpp">
      <Filter>02. EditorUI\02. Content</Filter>
    </ClCompile>
    <ClCompile Include="OutlinerUI.cpp">
      <Filter>02. EditorUI\03. Outliner</Filter>
    </ClCompile>
    <ClCompile Include="AssetUI.cpp">
      <Filter>02. EditorUI\01. Inspector\AssetUI</Filter>
    </ClCompile>
    <ClCompile Include="ComputeShaderUI.cpp">
      <Filter>02. EditorUI\01. Inspector\AssetUI\08. ComputeShaderUI</Filter>
    </ClCompile>
    <ClCompile Include="GraphicShaderUI.cpp">
      <Filter>02. EditorUI\01. Inspector\AssetUI\07. GraphiShaderUI</Filter>
    </ClCompile>
    <ClCompile Include="MaterialUI.cpp">
      <Filter>02. EditorUI\01. Inspector\AssetUI\03. MaterialUI</Filter>
    </ClCompile>
    <ClCompile Include="MeshUI.cpp">
      <Filter>02. EditorUI\01. Inspector\AssetUI\01. MeshUI</Filter>
    </ClCompile>
    <ClCompile Include="MeshDataUI.cpp">
      <Filter>02. EditorUI\01. Inspector\AssetUI\02. MeshDataUI</Filter>
    </ClCompile>
    <ClCompile Include="SoundUI.cpp">
      <Filter>02. EditorUI\01. Inspector\AssetUI\06. SoundUI</Filter>
    </ClCompile>
    <ClCompile Include="PrefabUI.cpp">
      <Filter>02. EditorUI\01. Inspector\AssetUI\05. PrefabUI</Filter>
    </ClCompile>
    <ClCompile Include="TextureUI.cpp">
      <Filter>02. EditorUI\01. Inspector\AssetUI\04. TextureUI</Filter>
    </ClCompile>
    <ClCompile Include="ImGui\imgui_demo.cpp">
      <Filter>01. Manager\03. ImGuiMgr</Filter>
    </ClCompile>
    <ClCompile Include="ParamUI.cpp">
      <Filter>02. EditorUI\07. ParamUI</Filter>
    </ClCompile>
    <ClCompile Include="MenuUI.cpp">
      <Filter>02. EditorUI\06. MenuUI</Filter>
    </ClCompile>
    <ClCompile Include="ScriptUI.cpp">
      <Filter>02. EditorUI\01. Inspector\ComponentUI\11. ScripUI</Filter>
    </ClCompile>
    <ClCompile Include="CLevelSaveLoad.cpp">
      <Filter>01. Manager\04. LevelSaveLoad</Filter>
    </ClCompile>
    <ClCompile Include="TileMapEditor.cpp">
      <Filter>02. EditorUI\08. TileMapEditor</Filter>
    </ClCompile>
    <ClCompile Include="AtlasView.cpp">
      <Filter>02. EditorUI\08. TileMapEditor\TMESub\02. AtlasView</Filter>
    </ClCompile>
    <ClCompile Include="TileMapDetail.cpp">
      <Filter>02. EditorUI\08. TileMapEditor\TMESub\03. Detail</Filter>
    </ClCompile>
    <ClCompile Include="TMESub.cpp">
      <Filter>02. EditorUI\08. TileMapEditor\TMESub</Filter>
    </ClCompile>
    <ClCompile Include="TileView.cpp">
      <Filter>02. EditorUI\08. TileMapEditor\TMESub\01. TileView</Filter>
    </ClCompile>
    <ClCompile Include="Light3DUI.cpp">
      <Filter>02. EditorUI\01. Inspector\ComponentUI\05. Light3DUI</Filter>
    </ClCompile>
    <ClCompile Include="SkyBoxUI.cpp">
      <Filter>02. EditorUI\01. Inspector\ComponentUI\10. SkyBoxUI</Filter>
    </ClCompile>
  </ItemGroup>
</Project>